
Microsoft Visual Studio Solution File, Format Version 12.00
# Visual Studio Version 17
VisualStudioVersion = 17.4.33205.214
MinimumVisualStudioVersion = 10.0.40219.1
Project("{FAE04EC0-301F-11D3-BF4B-00C04F79EFBC}") = "Maakonnad.Android", "Maakonnad.Android\Maakonnad.Android.csproj", "{9FE2CADC-7C93-4495-92E7-8C4CA7D5EDB8}"
EndProject
Project("{FAE04EC0-301F-11D3-BF4B-00C04F79EFBC}") = "Maakonnad.iOS", "Maakonnad.iOS\Maakonnad.iOS.csproj", "{640D3B52-3A46-48A9-98BD-78A49CBFDACE}"
EndProject
Project("{FAE04EC0-301F-11D3-BF4B-00C04F79EFBC}") = "Maakonnad", "Maakonnad\Maakonnad.csproj", "{12977371-A94D-4D24-908B-D4A6FCA6E471}"
EndProject
Global
	GlobalSection(SolutionConfigurationPlatforms) = preSolution
		Debug|Any CPU = Debug|Any CPU
		Debug|iPhone = Debug|iPhone
		Debug|iPhoneSimulator = Debug|iPhoneSimulator
		Release|Any CPU = Release|Any CPU
		Release|iPhone = Release|iPhone
		Release|iPhoneSimulator = Release|iPhoneSimulator
	EndGlobalSection
	GlobalSection(ProjectConfigurationPlatforms) = postSolution
		{9FE2CADC-7C93-4495-92E7-8C4CA7D5EDB8}.Debug|Any CPU.ActiveCfg = Debug|Any CPU
		{9FE2CADC-7C93-4495-92E7-8C4CA7D5EDB8}.Debug|Any CPU.Build.0 = Debug|Any CPU
		{9FE2CADC-7C93-4495-92E7-8C4CA7D5EDB8}.Debug|Any CPU.Deploy.0 = Debug|Any CPU
		{9FE2CADC-7C93-4495-92E7-8C4CA7D5EDB8}.Debug|iPhone.ActiveCfg = Debug|Any CPU
		{9FE2CADC-7C93-4495-92E7-8C4CA7D5EDB8}.Debug|iPhone.Build.0 = Debug|Any CPU
		{9FE2CADC-7C93-4495-92E7-8C4CA7D5EDB8}.Debug|iPhone.Deploy.0 = Debug|Any CPU
		{9FE2CADC-7C93-4495-92E7-8C4CA7D5EDB8}.Debug|iPhoneSimulator.ActiveCfg = Debug|Any CPU
		{9FE2CADC-7C93-4495-92E7-8C4CA7D5EDB8}.Debug|iPhoneSimulator.Build.0 = Debug|Any CPU
		{9FE2CADC-7C93-4495-92E7-8C4CA7D5EDB8}.Debug|iPhoneSimulator.Deploy.0 = Debug|Any CPU
		{9FE2CADC-7C93-4495-92E7-8C4CA7D5EDB8}.Release|Any CPU.ActiveCfg = Release|Any CPU
		{9FE2CADC-7C93-4495-92E7-8C4CA7D5EDB8}.Release|Any CPU.Build.0 = Release|Any CPU
		{9FE2CADC-7C93-4495-92E7-8C4CA7D5EDB8}.Release|Any CPU.Deploy.0 = Release|Any CPU
		{9FE2CADC-7C93-4495-92E7-8C4CA7D5EDB8}.Release|iPhone.ActiveCfg = Release|Any CPU
		{9FE2CADC-7C93-4495-92E7-8C4CA7D5EDB8}.Release|iPhone.Build.0 = Release|Any CPU
		{9FE2CADC-7C93-4495-92E7-8C4CA7D5EDB8}.Release|iPhone.Deploy.0 = Release|Any CPU
		{9FE2CADC-7C93-4495-92E7-8C4CA7D5EDB8}.Release|iPhoneSimulator.ActiveCfg = Release|Any CPU
		{9FE2CADC-7C93-4495-92E7-8C4CA7D5EDB8}.Release|iPhoneSimulator.Build.0 = Release|Any CPU
		{9FE2CADC-7C93-4495-92E7-8C4CA7D5EDB8}.Release|iPhoneSimulator.Deploy.0 = Release|Any CPU
		{640D3B52-3A46-48A9-98BD-78A49CBFDACE}.Debug|Any CPU.ActiveCfg = Debug|iPhone
		{640D3B52-3A46-48A9-98BD-78A49CBFDACE}.Debug|Any CPU.Build.0 = Debug|iPhone
		{640D3B52-3A46-48A9-98BD-78A49CBFDACE}.Debug|Any CPU.Deploy.0 = Debug|iPhone
		{640D3B52-3A46-48A9-98BD-78A49CBFDACE}.Debug|iPhone.ActiveCfg = Debug|iPhone
		{640D3B52-3A46-48A9-98BD-78A49CBFDACE}.Debug|iPhone.Build.0 = Debug|iPhone
		{640D3B52-3A46-48A9-98BD-78A49CBFDACE}.Debug|iPhone.Deploy.0 = Debug|iPhone
		{640D3B52-3A46-48A9-98BD-78A49CBFDACE}.Debug|iPhoneSimulator.ActiveCfg = Debug|iPhoneSimulator
		{640D3B52-3A46-48A9-98BD-78A49CBFDACE}.Debug|iPhoneSimulator.Build.0 = Debug|iPhoneSimulator
		{640D3B52-3A46-48A9-98BD-78A49CBFDACE}.Debug|iPhoneSimulator.Deploy.0 = Debug|iPhoneSimulator
		{640D3B52-3A46-48A9-98BD-78A49CBFDACE}.Release|Any CPU.ActiveCfg = Release|iPhoneSimulator
		{640D3B52-3A46-48A9-98BD-78A49CBFDACE}.Release|Any CPU.Build.0 = Release|iPhoneSimulator
		{640D3B52-3A46-48A9-98BD-78A49CBFDACE}.Release|Any CPU.Deploy.0 = Release|iPhoneSimulator
		{640D3B52-3A46-48A9-98BD-78A49CBFDACE}.Release|iPhone.ActiveCfg = Release|iPhone
		{640D3B52-3A46-48A9-98BD-78A49CBFDACE}.Release|iPhone.Build.0 = Release|iPhone
		{640D3B52-3A46-48A9-98BD-78A49CBFDACE}.Release|iPhone.Deploy.0 = Release|iPhone
		{640D3B52-3A46-48A9-98BD-78A49CBFDACE}.Release|iPhoneSimulator.ActiveCfg = Release|iPhoneSimulator
		{640D3B52-3A46-48A9-98BD-78A49CBFDACE}.Release|iPhoneSimulator.Build.0 = Release|iPhoneSimulator
		{640D3B52-3A46-48A9-98BD-78A49CBFDACE}.Release|iPhoneSimulator.Deploy.0 = Release|iPhoneSimulator
		{12977371-A94D-4D24-908B-D4A6FCA6E471}.Debug|Any CPU.ActiveCfg = Debug|Any CPU
		{12977371-A94D-4D24-908B-D4A6FCA6E471}.Debug|Any CPU.Build.0 = Debug|Any CPU
		{12977371-A94D-4D24-908B-D4A6FCA6E471}.Debug|Any CPU.Deploy.0 = Debug|Any CPU
		{12977371-A94D-4D24-908B-D4A6FCA6E471}.Debug|iPhone.ActiveCfg = Debug|Any CPU
		{12977371-A94D-4D24-908B-D4A6FCA6E471}.Debug|iPhone.Build.0 = Debug|Any CPU
		{12977371-A94D-4D24-908B-D4A6FCA6E471}.Debug|iPhone.Deploy.0 = Debug|Any CPU
		{12977371-A94D-4D24-908B-D4A6FCA6E471}.Debug|iPhoneSimulator.ActiveCfg = Debug|Any CPU
		{12977371-A94D-4D24-908B-D4A6FCA6E471}.Debug|iPhoneSimulator.Build.0 = Debug|Any CPU
		{12977371-A94D-4D24-908B-D4A6FCA6E471}.Debug|iPhoneSimulator.Deploy.0 = Debug|Any CPU
		{12977371-A94D-4D24-908B-D4A6FCA6E471}.Release|Any CPU.ActiveCfg = Release|Any CPU
		{12977371-A94D-4D24-908B-D4A6FCA6E471}.Release|Any CPU.Build.0 = Release|Any CPU
		{12977371-A94D-4D24-908B-D4A6FCA6E471}.Release|Any CPU.Deploy.0 = Release|Any CPU
		{12977371-A94D-4D24-908B-D4A6FCA6E471}.Release|iPhone.ActiveCfg = Release|Any CPU
		{12977371-A94D-4D24-908B-D4A6FCA6E471}.Release|iPhone.Build.0 = Release|Any CPU
		{12977371-A94D-4D24-908B-D4A6FCA6E471}.Release|iPhone.Deploy.0 = Release|Any CPU
		{12977371-A94D-4D24-908B-D4A6FCA6E471}.Release|iPhoneSimulator.ActiveCfg = Release|Any CPU
		{12977371-A94D-4D24-908B-D4A6FCA6E471}.Release|iPhoneSimulator.Build.0 = Release|Any CPU
		{12977371-A94D-4D24-908B-D4A6FCA6E471}.Release|iPhoneSimulator.Deploy.0 = Release|Any CPU
	EndGlobalSection
	GlobalSection(SolutionProperties) = preSolution
		HideSolutionNode = FALSE
	EndGlobalSection
	GlobalSection(ExtensibilityGlobals) = postSolution
		SolutionGuid = {CFF9E973-FC06-4E6E-98A0-FB68C991066A}
	EndGlobalSection
EndGlobal
